github.com/OpenRouterTeam/go-sdk v0.5.0 h1:VIK2P2CSyIPJmMD1twe+GfkMQWAZw54xB/YizRoJPqU=
github.com/OpenRouterTeam/go-sdk v0.5.0/go.mod h1:8ZRHxPEBG2Lu7BXRGbcoTdhRQnXGFZ+y0jKVpCAQR8c=
github.com/davecgh/go-spew v1.1.1 h1:vj9j/u1bqnvCEfJOwUhtlOARqs3+rkHYY13jYWTU97c=
github.com/davecgh/go-spew v1.1.1/go.mod h1:J7Y8YcW2NihsgmVo/mv3lAwl/skON4iLHjSsI+c5H38=
github.com/grokify/mogo v0.74.5 h1:UNS4Ox2kJ4NTt6ySAT3QbDuRHcThcwDnf5iFQ+iFgac=
github.com/grokify/mogo v0.74.5/go.mod h1:Rz4OegG82u42eOpY+VKM0FtX2UtYDVpMvdUTNIPkYnA=
github.com/grokify/oscompat v0.3.0 h1:OsZNfRRLkfShSBu8jOLwtVQLj9/gOw3UjVe//XeV5uU=
github.com/grokify/oscompat v0.3.0/go.mod h1:Ekex/WzHaA39LNt5xbeQRASo74NEXAIqBlqdvNF2oUM=
github.com/grokify/sogo v0.15.0 h1:RS4DPxNhZQLmz/qcLa5t1Mr+SjGwSZPJgpefp9BJInE=
github.com/grokify/sogo v0.15.0/go.mod h1:BZjNVHThtkfC80J2kcPWCytQzu5XKtHTxCRffpZaWb8=
github.com/plexusone/omnillm-core v0.16.0 h1:ClEEAaAl/jgn0nV65azRAulEkLoMtCZqnWQBJCBH5eU=
github.com/plexusone/omnillm-core v0.16.0/go.mod h1:0KzNniPwHXVtfRgfyD3fAlaj8RDktQwRrxEFQrXbLtE=
github.com/plexusone/omnivault v0.5.0 h1:7oZwP1KNS+XQ1ksoZoKnLS9PV0TQ93b5NEuxO0T2Hwg=
github.com/plexusone/omnivault v0.5.0/go.mod h1:LQNyI6gTygb3ht4yLhLpHIdcOVALOTGnaO1oJn6+2KE=
github.com/pmezard/go-difflib v1.0.0 h1:4DBwDE0NGyQoBHbLQYPwSUPoCMWR5BEzIk/f1lZbAQM=
github.com/pmezard/go-difflib v1.0.0/go.mod h1:iKH77koFhYxTK1pcRnkKkqfTogsbg7gZNVY4sRDYZ/4=
github.com/spyzhov/ajson v0.8.0 h1:sFXyMbi4Y/BKjrsfkUZHSjA2JM1184enheSjjoT/zCc=
github.com/spyzhov/ajson v0.8.0/go.mod h1:63V+CGM6f1Bu/p4nLIN8885ojBdt88TbLoSFzyqMuVA=
github.com/stretchr/testify v1.11.1 h1:7s2iGBzp5EwR7/aIZr8ao5+dra3wiQyKjjFuvgVKu7U=
github.com/stretchr/testify v1.11.1/go.mod h1:wZwfW3scLgRK+23gO65QZefKpKQRnfz6sD981Nm4B6U=
gopkg.in/yaml.v3 v3.0.1 h1:fxVm/GzAzEWqLHuvctI91KS9hhNmmWOoWu0XTYJS7CA=
gopkg.in/yaml.v3 v3.0.1/go.mod h1:K4uyk7z7BCEPqu6E+C64Yfv1cQ7kz7rIZviUmN+EgEM=
